
Microsoft Visual Studio Solution File, Format Version 12.00
# Visual Studio Version 17
VisualStudioVersion = 17.4.33213.308
MinimumVisualStudioVersion = 10.0.40219.1
Project("{FAE04EC0-301F-11D3-BF4B-00C04F79EFBC}") = "SuggestImprovements", "SuggestImprovements.csproj", "{C20A4B1F-892E-45CE-BB8C-B09D97C24F48}"
EndProject
Global
	GlobalSection(SolutionConfigurationPlatforms) = preSolution
		Debug|Any CPU = Debug|Any CPU
		Release|Any CPU = Release|Any CPU
	EndGlobalSection
	GlobalSection(ProjectConfigurationPlatforms) = postSolution
		{C20A4B1F-892E-45CE-BB8C-B09D97C24F48}.Debug|Any CPU.ActiveCfg = Debug|Any CPU
		{C20A4B1F-892E-45CE-BB8C-B09D97C24F48}.Debug|Any CPU.Build.0 = Debug|Any CPU
		{C20A4B1F-892E-45CE-BB8C-B09D97C24F48}.Release|Any CPU.ActiveCfg = Release|Any CPU
		{C20A4B1F-892E-45CE-BB8C-B09D97C24F48}.Release|Any CPU.Build.0 = Release|Any CPU
	EndGlobalSection
	GlobalSection(SolutionProperties) = preSolution
		HideSolutionNode = FALSE
	EndGlobalSection
	GlobalSection(ExtensibilityGlobals) = postSolution
		SolutionGuid = {D1B4015A-86AE-47DD-BBD2-27A4423BCC86}
	EndGlobalSection
EndGlobal
